
Microsoft Visual Studio Solution File, Format Version 12.00
Project("{FAE04EC0-301F-11D3-BF4B-00C04F79EFBC}") = "Sources.AppHost", "Sources.AppHost\Sources.AppHost.csproj", "{5BE39F7B-5213-41CB-8446-ED3A7721DA42}"
EndProject
Project("{FAE04EC0-301F-11D3-BF4B-00C04F79EFBC}") = "Sources.ServiceDefaults", "Sources.ServiceDefaults\Sources.ServiceDefaults.csproj", "{B7D79FD0-561A-43E8-AF3F-D2264EC40AEC}"
EndProject
Project("{FAE04EC0-301F-11D3-BF4B-00C04F79EFBC}") = "WebApi", "WebApi\WebApi.csproj", "{7A43D864-8DEE-49C3-895B-2C525D1C8897}"
EndProject
Project("{2150E333-8FDC-42A3-9474-1A3956D46DE8}") = "Aspire", "Aspire", "{33E046A6-443D-4B79-9D42-6C43A10ACF5C}"
EndProject
Project("{2150E333-8FDC-42A3-9474-1A3956D46DE8}") = "Api", "Api", "{0D7C31F9-67CC-43FC-96A2-12C423C75513}"
EndProject
Project("{FAE04EC0-301F-11D3-BF4B-00C04F79EFBC}") = "Rooms.MigrationService", "Rooms.MigrationService\Rooms.MigrationService.csproj", "{E82D90A1-1975-4173-9AD6-09A0ECAFE4D2}"
EndProject
Project("{FAE04EC0-301F-11D3-BF4B-00C04F79EFBC}") = "Commons", "Commons\Commons.csproj", "{804240E8-7BE6-4971-85BD-2E2FDF058D35}"
EndProject
Project("{2150E333-8FDC-42A3-9474-1A3956D46DE8}") = "Rooms", "Rooms", "{6D0CA4CB-2948-4EC5-A209-82DCE7923337}"
EndProject
Project("{FAE04EC0-301F-11D3-BF4B-00C04F79EFBC}") = "Rooms.Core", "Rooms.Core\Rooms.Core.csproj", "{1096F4F4-A47F-493F-AA07-CB2013458C9B}"
EndProject
Project("{FAE04EC0-301F-11D3-BF4B-00C04F79EFBC}") = "Rooms.Domain", "Rooms.Domain\Rooms.Domain.csproj", "{F22B0B68-86CC-4CF4-A485-B9B5E9B017A8}"
EndProject
Project("{FAE04EC0-301F-11D3-BF4B-00C04F79EFBC}") = "WebApi.Tests", "WebApi.Tests\WebApi.Tests.csproj", "{5699853D-7EB5-438E-AE92-8197911CA42A}"
EndProject
Project("{FAE04EC0-301F-11D3-BF4B-00C04F79EFBC}") = "Rooms.Infrastructure", "Rooms.Infrastructure\Rooms.Infrastructure.csproj", "{0AF0D4BC-0C74-4751-A64D-D645FB06CC92}"
EndProject
Project("{FAE04EC0-301F-11D3-BF4B-00C04F79EFBC}") = "Tests", "Tests\Tests.csproj", "{94F86E6F-55C3-4A18-8623-C4F8EF8BF8CF}"
EndProject
Project("{2150E333-8FDC-42A3-9474-1A3956D46DE8}") = "SourceGenerators", "SourceGenerators", "{48AF1A7E-3154-4907-8313-44DB2598DD5F}"
EndProject
Project("{FAE04EC0-301F-11D3-BF4B-00C04F79EFBC}") = "PrivateFieldNamesExposingGenerator", "PrivateFieldNamesExposingGenerator\PrivateFieldNamesExposingGenerator\PrivateFieldNamesExposingGenerator.csproj", "{2BB8FC31-3838-44BF-9287-896DEBEFBD1A}"
EndProject
Project("{FAE04EC0-301F-11D3-BF4B-00C04F79EFBC}") = "PrivateFieldNamesExposingGenerator.Tests", "PrivateFieldNamesExposingGenerator\PrivateFieldNamesExposingGenerator.Tests\PrivateFieldNamesExposingGenerator.Tests.csproj", "{036201A0-EE62-4335-83E2-B8094B76F262}"
EndProject
Project("{FAE04EC0-301F-11D3-BF4B-00C04F79EFBC}") = "IntegrationTestInfrastructure", "IntegrationTestInfrastructure\IntegrationTestInfrastructure.csproj", "{44AF6792-035C-49E5-8E1A-E2618C31A462}"
EndProject
Project("{FAE04EC0-301F-11D3-BF4B-00C04F79EFBC}") = "Rooms.Tests", "Rooms.Tests\Rooms.Tests.csproj", "{CA677D35-8743-441C-BDCB-3850B6BC122B}"
EndProject
Project("{2150E333-8FDC-42A3-9474-1A3956D46DE8}") = "Booking", "Booking", "{C1D1A5A0-D8A8-41B5-80E6-9C37DD911BB8}"
EndProject
Project("{FAE04EC0-301F-11D3-BF4B-00C04F79EFBC}") = "Booking.Domain", "Booking.Domain\Booking.Domain.csproj", "{36A5185E-D005-4296-992E-E94A8F8D4BB6}"
EndProject
Project("{FAE04EC0-301F-11D3-BF4B-00C04F79EFBC}") = "Booking.Core", "Booking.Core\Booking.Core.csproj", "{7EE08126-FE92-4A92-96AD-F1DC0E1B8017}"
EndProject
Project("{FAE04EC0-301F-11D3-BF4B-00C04F79EFBC}") = "Booking.Infrastructure", "Booking.Infrastructure\Booking.Infrastructure.csproj", "{8D2661B6-40DC-4CCA-9B62-22C131FA7929}"
EndProject
Project("{2150E333-8FDC-42A3-9474-1A3956D46DE8}") = "Commons", "Commons", "{06B7F1AF-EEF2-4B54-8694-7C2139481C86}"
EndProject
Project("{FAE04EC0-301F-11D3-BF4B-00C04F79EFBC}") = "Commons.Domain", "Commons.Domain\Commons.Domain.csproj", "{E256F2F9-32CD-44AE-8227-A70C6836EEA8}"
EndProject
Project("{FAE04EC0-301F-11D3-BF4B-00C04F79EFBC}") = "Commons.Core", "Commons.Core\Commons.Core.csproj", "{F9714205-9548-4F0E-B02A-1EF777E756D4}"
EndProject
Project("{FAE04EC0-301F-11D3-BF4B-00C04F79EFBC}") = "Commons.Infrastructure", "Commons.Infrastructure\Commons.Infrastructure.csproj", "{6618088E-F470-47A4-B214-72F6EF2DC9D7}"
EndProject
Project("{FAE04EC0-301F-11D3-BF4B-00C04F79EFBC}") = "Commons.ExternalClients", "Commons.ExternalClients\Commons.ExternalClients.csproj", "{6B888D33-2E1E-429D-83EB-2FFCBC7A3039}"
EndProject
Project("{FAE04EC0-301F-11D3-BF4B-00C04F79EFBC}") = "Commons.ExternalClients.Tests", "Commons.ExternalClients.Tests\Commons.ExternalClients.Tests.csproj", "{19648ECB-F168-4CB1-A087-E3D8859EAC75}"
EndProject
Project("{FAE04EC0-301F-11D3-BF4B-00C04F79EFBC}") = "Rooms.Core.Interfaces", "Rooms.Core.Interfaces\Rooms.Core.Interfaces.csproj", "{70CEC48D-E72C-4736-BEC0-5EE1BDDC78F5}"
EndProject
Project("{FAE04EC0-301F-11D3-BF4B-00C04F79EFBC}") = "Rooms.Domain.Propagated", "Rooms.Domain.Propagated\Rooms.Domain.Propagated.csproj", "{43CB67E8-AB7D-4955-8E35-11B5F1960F8C}"
EndProject
Project("{FAE04EC0-301F-11D3-BF4B-00C04F79EFBC}") = "Booking.Domain.Propagated", "Booking.Domain.Propagated\Booking.Domain.Propagated.csproj", "{C8C2130D-8EFD-4774-81B3-7F402ED0CB4F}"
EndProject
Project("{FAE04EC0-301F-11D3-BF4B-00C04F79EFBC}") = "Booking.Core.Interfaces", "Booking.Core.Interfaces\Booking.Core.Interfaces.csproj", "{0A893C04-E65C-44CA-886E-AD78828648C2}"
EndProject
Project("{FAE04EC0-301F-11D3-BF4B-00C04F79EFBC}") = "Booking.MigrationService", "Booking.MigrationService\Booking.MigrationService.csproj", "{20CBE8E7-2ADD-4499-BE93-B69EE02A1D12}"
EndProject
Project("{FAE04EC0-301F-11D3-BF4B-00C04F79EFBC}") = "Rooms.Migration.Tests", "Rooms.Migration.Tests\Rooms.Migration.Tests.csproj", "{F46D39C2-7582-4047-8AC0-A2680DD84BD9}"
EndProject
Project("{2150E333-8FDC-42A3-9474-1A3956D46DE8}") = "Rooms.Tests", "Rooms.Tests", "{ABAA54D6-FF6B-4A13-B319-575C4B68FB64}"
EndProject
Project("{2150E333-8FDC-42A3-9474-1A3956D46DE8}") = "Commons.Tests", "Commons.Tests", "{5BB8198E-ED27-4F4F-87B6-D8867785A93D}"
EndProject
Project("{FAE04EC0-301F-11D3-BF4B-00C04F79EFBC}") = "Commons.Tests.Helpers", "Commons.Tests.Helpers\Commons.Tests.Helpers.csproj", "{E1DB1E5F-D776-4F3C-9D38-F6528962F2D2}"
EndProject
Project("{2150E333-8FDC-42A3-9474-1A3956D46DE8}") = "Booking.Tests", "Booking.Tests", "{E8ECA567-E29A-41B4-B07C-892557B6948D}"
EndProject
Project("{FAE04EC0-301F-11D3-BF4B-00C04F79EFBC}") = "Booking.Tests", "Booking.Tests\Booking.Tests.csproj", "{51059439-7A8C-466D-B8C1-435A929325CD}"
EndProject
Global
	GlobalSection(SolutionConfigurationPlatforms) = preSolution
		Debug|Any CPU = Debug|Any CPU
		Release|Any CPU = Release|Any CPU
	EndGlobalSection
	GlobalSection(ProjectConfigurationPlatforms) = postSolution
		{5BE39F7B-5213-41CB-8446-ED3A7721DA42}.Debug|Any CPU.ActiveCfg = Debug|Any CPU
		{5BE39F7B-5213-41CB-8446-ED3A7721DA42}.Debug|Any CPU.Build.0 = Debug|Any CPU
		{5BE39F7B-5213-41CB-8446-ED3A7721DA42}.Release|Any CPU.ActiveCfg = Release|Any CPU
		{5BE39F7B-5213-41CB-8446-ED3A7721DA42}.Release|Any CPU.Build.0 = Release|Any CPU
		{B7D79FD0-561A-43E8-AF3F-D2264EC40AEC}.Debug|Any CPU.ActiveCfg = Debug|Any CPU
		{B7D79FD0-561A-43E8-AF3F-D2264EC40AEC}.Debug|Any CPU.Build.0 = Debug|Any CPU
		{B7D79FD0-561A-43E8-AF3F-D2264EC40AEC}.Release|Any CPU.ActiveCfg = Release|Any CPU
		{B7D79FD0-561A-43E8-AF3F-D2264EC40AEC}.Release|Any CPU.Build.0 = Release|Any CPU
		{7A43D864-8DEE-49C3-895B-2C525D1C8897}.Debug|Any CPU.ActiveCfg = Debug|Any CPU
		{7A43D864-8DEE-49C3-895B-2C525D1C8897}.Debug|Any CPU.Build.0 = Debug|Any CPU
		{7A43D864-8DEE-49C3-895B-2C525D1C8897}.Release|Any CPU.ActiveCfg = Release|Any CPU
		{7A43D864-8DEE-49C3-895B-2C525D1C8897}.Release|Any CPU.Build.0 = Release|Any CPU
		{E82D90A1-1975-4173-9AD6-09A0ECAFE4D2}.Debug|Any CPU.ActiveCfg = Debug|Any CPU
		{E82D90A1-1975-4173-9AD6-09A0ECAFE4D2}.Debug|Any CPU.Build.0 = Debug|Any CPU
		{E82D90A1-1975-4173-9AD6-09A0ECAFE4D2}.Release|Any CPU.ActiveCfg = Release|Any CPU
		{E82D90A1-1975-4173-9AD6-09A0ECAFE4D2}.Release|Any CPU.Build.0 = Release|Any CPU
		{804240E8-7BE6-4971-85BD-2E2FDF058D35}.Debug|Any CPU.ActiveCfg = Debug|Any CPU
		{804240E8-7BE6-4971-85BD-2E2FDF058D35}.Debug|Any CPU.Build.0 = Debug|Any CPU
		{804240E8-7BE6-4971-85BD-2E2FDF058D35}.Release|Any CPU.ActiveCfg = Release|Any CPU
		{804240E8-7BE6-4971-85BD-2E2FDF058D35}.Release|Any CPU.Build.0 = Release|Any CPU
		{1096F4F4-A47F-493F-AA07-CB2013458C9B}.Debug|Any CPU.ActiveCfg = Debug|Any CPU
		{1096F4F4-A47F-493F-AA07-CB2013458C9B}.Debug|Any CPU.Build.0 = Debug|Any CPU
		{1096F4F4-A47F-493F-AA07-CB2013458C9B}.Release|Any CPU.ActiveCfg = Release|Any CPU
		{1096F4F4-A47F-493F-AA07-CB2013458C9B}.Release|Any CPU.Build.0 = Release|Any CPU
		{F22B0B68-86CC-4CF4-A485-B9B5E9B017A8}.Debug|Any CPU.ActiveCfg = Debug|Any CPU
		{F22B0B68-86CC-4CF4-A485-B9B5E9B017A8}.Debug|Any CPU.Build.0 = Debug|Any CPU
		{F22B0B68-86CC-4CF4-A485-B9B5E9B017A8}.Release|Any CPU.ActiveCfg = Release|Any CPU
		{F22B0B68-86CC-4CF4-A485-B9B5E9B017A8}.Release|Any CPU.Build.0 = Release|Any CPU
		{5699853D-7EB5-438E-AE92-8197911CA42A}.Debug|Any CPU.ActiveCfg = Debug|Any CPU
		{5699853D-7EB5-438E-AE92-8197911CA42A}.Debug|Any CPU.Build.0 = Debug|Any CPU
		{5699853D-7EB5-438E-AE92-8197911CA42A}.Release|Any CPU.ActiveCfg = Release|Any CPU
		{5699853D-7EB5-438E-AE92-8197911CA42A}.Release|Any CPU.Build.0 = Release|Any CPU
		{0AF0D4BC-0C74-4751-A64D-D645FB06CC92}.Debug|Any CPU.ActiveCfg = Debug|Any CPU
		{0AF0D4BC-0C74-4751-A64D-D645FB06CC92}.Debug|Any CPU.Build.0 = Debug|Any CPU
		{0AF0D4BC-0C74-4751-A64D-D645FB06CC92}.Release|Any CPU.ActiveCfg = Release|Any CPU
		{0AF0D4BC-0C74-4751-A64D-D645FB06CC92}.Release|Any CPU.Build.0 = Release|Any CPU
		{94F86E6F-55C3-4A18-8623-C4F8EF8BF8CF}.Debug|Any CPU.ActiveCfg = Debug|Any CPU
		{94F86E6F-55C3-4A18-8623-C4F8EF8BF8CF}.Debug|Any CPU.Build.0 = Debug|Any CPU
		{94F86E6F-55C3-4A18-8623-C4F8EF8BF8CF}.Release|Any CPU.ActiveCfg = Release|Any CPU
		{94F86E6F-55C3-4A18-8623-C4F8EF8BF8CF}.Release|Any CPU.Build.0 = Release|Any CPU
		{2BB8FC31-3838-44BF-9287-896DEBEFBD1A}.Debug|Any CPU.ActiveCfg = Debug|Any CPU
		{2BB8FC31-3838-44BF-9287-896DEBEFBD1A}.Debug|Any CPU.Build.0 = Debug|Any CPU
		{2BB8FC31-3838-44BF-9287-896DEBEFBD1A}.Release|Any CPU.ActiveCfg = Release|Any CPU
		{2BB8FC31-3838-44BF-9287-896DEBEFBD1A}.Release|Any CPU.Build.0 = Release|Any CPU
		{036201A0-EE62-4335-83E2-B8094B76F262}.Debug|Any CPU.ActiveCfg = Debug|Any CPU
		{036201A0-EE62-4335-83E2-B8094B76F262}.Debug|Any CPU.Build.0 = Debug|Any CPU
		{036201A0-EE62-4335-83E2-B8094B76F262}.Release|Any CPU.ActiveCfg = Release|Any CPU
		{036201A0-EE62-4335-83E2-B8094B76F262}.Release|Any CPU.Build.0 = Release|Any CPU
		{44AF6792-035C-49E5-8E1A-E2618C31A462}.Debug|Any CPU.ActiveCfg = Debug|Any CPU
		{44AF6792-035C-49E5-8E1A-E2618C31A462}.Debug|Any CPU.Build.0 = Debug|Any CPU
		{44AF6792-035C-49E5-8E1A-E2618C31A462}.Release|Any CPU.ActiveCfg = Release|Any CPU
		{44AF6792-035C-49E5-8E1A-E2618C31A462}.Release|Any CPU.Build.0 = Release|Any CPU
		{CA677D35-8743-441C-BDCB-3850B6BC122B}.Debug|Any CPU.ActiveCfg = Debug|Any CPU
		{CA677D35-8743-441C-BDCB-3850B6BC122B}.Debug|Any CPU.Build.0 = Debug|Any CPU
		{CA677D35-8743-441C-BDCB-3850B6BC122B}.Release|Any CPU.ActiveCfg = Release|Any CPU
		{CA677D35-8743-441C-BDCB-3850B6BC122B}.Release|Any CPU.Build.0 = Release|Any CPU
		{36A5185E-D005-4296-992E-E94A8F8D4BB6}.Debug|Any CPU.ActiveCfg = Debug|Any CPU
		{36A5185E-D005-4296-992E-E94A8F8D4BB6}.Debug|Any CPU.Build.0 = Debug|Any CPU
		{36A5185E-D005-4296-992E-E94A8F8D4BB6}.Release|Any CPU.ActiveCfg = Release|Any CPU
		{36A5185E-D005-4296-992E-E94A8F8D4BB6}.Release|Any CPU.Build.0 = Release|Any CPU
		{7EE08126-FE92-4A92-96AD-F1DC0E1B8017}.Debug|Any CPU.ActiveCfg = Debug|Any CPU
		{7EE08126-FE92-4A92-96AD-F1DC0E1B8017}.Debug|Any CPU.Build.0 = Debug|Any CPU
		{7EE08126-FE92-4A92-96AD-F1DC0E1B8017}.Release|Any CPU.ActiveCfg = Release|Any CPU
		{7EE08126-FE92-4A92-96AD-F1DC0E1B8017}.Release|Any CPU.Build.0 = Release|Any CPU
		{8D2661B6-40DC-4CCA-9B62-22C131FA7929}.Debug|Any CPU.ActiveCfg = Debug|Any CPU
		{8D2661B6-40DC-4CCA-9B62-22C131FA7929}.Debug|Any CPU.Build.0 = Debug|Any CPU
		{8D2661B6-40DC-4CCA-9B62-22C131FA7929}.Release|Any CPU.ActiveCfg = Release|Any CPU
		{8D2661B6-40DC-4CCA-9B62-22C131FA7929}.Release|Any CPU.Build.0 = Release|Any CPU
		{E256F2F9-32CD-44AE-8227-A70C6836EEA8}.Debug|Any CPU.ActiveCfg = Debug|Any CPU
		{E256F2F9-32CD-44AE-8227-A70C6836EEA8}.Debug|Any CPU.Build.0 = Debug|Any CPU
		{E256F2F9-32CD-44AE-8227-A70C6836EEA8}.Release|Any CPU.ActiveCfg = Release|Any CPU
		{E256F2F9-32CD-44AE-8227-A70C6836EEA8}.Release|Any CPU.Build.0 = Release|Any CPU
		{F9714205-9548-4F0E-B02A-1EF777E756D4}.Debug|Any CPU.ActiveCfg = Debug|Any CPU
		{F9714205-9548-4F0E-B02A-1EF777E756D4}.Debug|Any CPU.Build.0 = Debug|Any CPU
		{F9714205-9548-4F0E-B02A-1EF777E756D4}.Release|Any CPU.ActiveCfg = Release|Any CPU
		{F9714205-9548-4F0E-B02A-1EF777E756D4}.Release|Any CPU.Build.0 = Release|Any CPU
		{6618088E-F470-47A4-B214-72F6EF2DC9D7}.Debug|Any CPU.ActiveCfg = Debug|Any CPU
		{6618088E-F470-47A4-B214-72F6EF2DC9D7}.Debug|Any CPU.Build.0 = Debug|Any CPU
		{6618088E-F470-47A4-B214-72F6EF2DC9D7}.Release|Any CPU.ActiveCfg = Release|Any CPU
		{6618088E-F470-47A4-B214-72F6EF2DC9D7}.Release|Any CPU.Build.0 = Release|Any CPU
		{6B888D33-2E1E-429D-83EB-2FFCBC7A3039}.Debug|Any CPU.ActiveCfg = Debug|Any CPU
		{6B888D33-2E1E-429D-83EB-2FFCBC7A3039}.Debug|Any CPU.Build.0 = Debug|Any CPU
		{6B888D33-2E1E-429D-83EB-2FFCBC7A3039}.Release|Any CPU.ActiveCfg = Release|Any CPU
		{6B888D33-2E1E-429D-83EB-2FFCBC7A3039}.Release|Any CPU.Build.0 = Release|Any CPU
		{19648ECB-F168-4CB1-A087-E3D8859EAC75}.Debug|Any CPU.ActiveCfg = Debug|Any CPU
		{19648ECB-F168-4CB1-A087-E3D8859EAC75}.Debug|Any CPU.Build.0 = Debug|Any CPU
		{19648ECB-F168-4CB1-A087-E3D8859EAC75}.Release|Any CPU.ActiveCfg = Release|Any CPU
		{19648ECB-F168-4CB1-A087-E3D8859EAC75}.Release|Any CPU.Build.0 = Release|Any CPU
		{70CEC48D-E72C-4736-BEC0-5EE1BDDC78F5}.Debug|Any CPU.ActiveCfg = Debug|Any CPU
		{70CEC48D-E72C-4736-BEC0-5EE1BDDC78F5}.Debug|Any CPU.Build.0 = Debug|Any CPU
		{70CEC48D-E72C-4736-BEC0-5EE1BDDC78F5}.Release|Any CPU.ActiveCfg = Release|Any CPU
		{70CEC48D-E72C-4736-BEC0-5EE1BDDC78F5}.Release|Any CPU.Build.0 = Release|Any CPU
		{43CB67E8-AB7D-4955-8E35-11B5F1960F8C}.Debug|Any CPU.ActiveCfg = Debug|Any CPU
		{43CB67E8-AB7D-4955-8E35-11B5F1960F8C}.Debug|Any CPU.Build.0 = Debug|Any CPU
		{43CB67E8-AB7D-4955-8E35-11B5F1960F8C}.Release|Any CPU.ActiveCfg = Release|Any CPU
		{43CB67E8-AB7D-4955-8E35-11B5F1960F8C}.Release|Any CPU.Build.0 = Release|Any CPU
		{C8C2130D-8EFD-4774-81B3-7F402ED0CB4F}.Debug|Any CPU.ActiveCfg = Debug|Any CPU
		{C8C2130D-8EFD-4774-81B3-7F402ED0CB4F}.Debug|Any CPU.Build.0 = Debug|Any CPU
		{C8C2130D-8EFD-4774-81B3-7F402ED0CB4F}.Release|Any CPU.ActiveCfg = Release|Any CPU
		{C8C2130D-8EFD-4774-81B3-7F402ED0CB4F}.Release|Any CPU.Build.0 = Release|Any CPU
		{0A893C04-E65C-44CA-886E-AD78828648C2}.Debug|Any CPU.ActiveCfg = Debug|Any CPU
		{0A893C04-E65C-44CA-886E-AD78828648C2}.Debug|Any CPU.Build.0 = Debug|Any CPU
		{0A893C04-E65C-44CA-886E-AD78828648C2}.Release|Any CPU.ActiveCfg = Release|Any CPU
		{0A893C04-E65C-44CA-886E-AD78828648C2}.Release|Any CPU.Build.0 = Release|Any CPU
		{20CBE8E7-2ADD-4499-BE93-B69EE02A1D12}.Debug|Any CPU.ActiveCfg = Debug|Any CPU
		{20CBE8E7-2ADD-4499-BE93-B69EE02A1D12}.Debug|Any CPU.Build.0 = Debug|Any CPU
		{20CBE8E7-2ADD-4499-BE93-B69EE02A1D12}.Release|Any CPU.ActiveCfg = Release|Any CPU
		{20CBE8E7-2ADD-4499-BE93-B69EE02A1D12}.Release|Any CPU.Build.0 = Release|Any CPU
		{F46D39C2-7582-4047-8AC0-A2680DD84BD9}.Debug|Any CPU.ActiveCfg = Debug|Any CPU
		{F46D39C2-7582-4047-8AC0-A2680DD84BD9}.Debug|Any CPU.Build.0 = Debug|Any CPU
		{F46D39C2-7582-4047-8AC0-A2680DD84BD9}.Release|Any CPU.ActiveCfg = Release|Any CPU
		{F46D39C2-7582-4047-8AC0-A2680DD84BD9}.Release|Any CPU.Build.0 = Release|Any CPU
		{E1DB1E5F-D776-4F3C-9D38-F6528962F2D2}.Debug|Any CPU.ActiveCfg = Debug|Any CPU
		{E1DB1E5F-D776-4F3C-9D38-F6528962F2D2}.Debug|Any CPU.Build.0 = Debug|Any CPU
		{E1DB1E5F-D776-4F3C-9D38-F6528962F2D2}.Release|Any CPU.ActiveCfg = Release|Any CPU
		{E1DB1E5F-D776-4F3C-9D38-F6528962F2D2}.Release|Any CPU.Build.0 = Release|Any CPU
		{51059439-7A8C-466D-B8C1-435A929325CD}.Debug|Any CPU.ActiveCfg = Debug|Any CPU
		{51059439-7A8C-466D-B8C1-435A929325CD}.Debug|Any CPU.Build.0 = Debug|Any CPU
		{51059439-7A8C-466D-B8C1-435A929325CD}.Release|Any CPU.ActiveCfg = Release|Any CPU
		{51059439-7A8C-466D-B8C1-435A929325CD}.Release|Any CPU.Build.0 = Release|Any CPU
	EndGlobalSection
	GlobalSection(NestedProjects) = preSolution
		{7A43D864-8DEE-49C3-895B-2C525D1C8897} = {0D7C31F9-67CC-43FC-96A2-12C423C75513}
		{5BE39F7B-5213-41CB-8446-ED3A7721DA42} = {33E046A6-443D-4B79-9D42-6C43A10ACF5C}
		{B7D79FD0-561A-43E8-AF3F-D2264EC40AEC} = {33E046A6-443D-4B79-9D42-6C43A10ACF5C}
		{1096F4F4-A47F-493F-AA07-CB2013458C9B} = {6D0CA4CB-2948-4EC5-A209-82DCE7923337}
		{F22B0B68-86CC-4CF4-A485-B9B5E9B017A8} = {6D0CA4CB-2948-4EC5-A209-82DCE7923337}
		{E82D90A1-1975-4173-9AD6-09A0ECAFE4D2} = {6D0CA4CB-2948-4EC5-A209-82DCE7923337}
		{5699853D-7EB5-438E-AE92-8197911CA42A} = {0D7C31F9-67CC-43FC-96A2-12C423C75513}
		{0AF0D4BC-0C74-4751-A64D-D645FB06CC92} = {6D0CA4CB-2948-4EC5-A209-82DCE7923337}
		{2BB8FC31-3838-44BF-9287-896DEBEFBD1A} = {48AF1A7E-3154-4907-8313-44DB2598DD5F}
		{036201A0-EE62-4335-83E2-B8094B76F262} = {48AF1A7E-3154-4907-8313-44DB2598DD5F}
		{44AF6792-035C-49E5-8E1A-E2618C31A462} = {33E046A6-443D-4B79-9D42-6C43A10ACF5C}
		{36A5185E-D005-4296-992E-E94A8F8D4BB6} = {C1D1A5A0-D8A8-41B5-80E6-9C37DD911BB8}
		{7EE08126-FE92-4A92-96AD-F1DC0E1B8017} = {C1D1A5A0-D8A8-41B5-80E6-9C37DD911BB8}
		{8D2661B6-40DC-4CCA-9B62-22C131FA7929} = {C1D1A5A0-D8A8-41B5-80E6-9C37DD911BB8}
		{E256F2F9-32CD-44AE-8227-A70C6836EEA8} = {06B7F1AF-EEF2-4B54-8694-7C2139481C86}
		{F9714205-9548-4F0E-B02A-1EF777E756D4} = {06B7F1AF-EEF2-4B54-8694-7C2139481C86}
		{6618088E-F470-47A4-B214-72F6EF2DC9D7} = {06B7F1AF-EEF2-4B54-8694-7C2139481C86}
		{6B888D33-2E1E-429D-83EB-2FFCBC7A3039} = {06B7F1AF-EEF2-4B54-8694-7C2139481C86}
		{804240E8-7BE6-4971-85BD-2E2FDF058D35} = {06B7F1AF-EEF2-4B54-8694-7C2139481C86}
		{70CEC48D-E72C-4736-BEC0-5EE1BDDC78F5} = {6D0CA4CB-2948-4EC5-A209-82DCE7923337}
		{43CB67E8-AB7D-4955-8E35-11B5F1960F8C} = {6D0CA4CB-2948-4EC5-A209-82DCE7923337}
		{C8C2130D-8EFD-4774-81B3-7F402ED0CB4F} = {C1D1A5A0-D8A8-41B5-80E6-9C37DD911BB8}
		{0A893C04-E65C-44CA-886E-AD78828648C2} = {C1D1A5A0-D8A8-41B5-80E6-9C37DD911BB8}
		{20CBE8E7-2ADD-4499-BE93-B69EE02A1D12} = {C1D1A5A0-D8A8-41B5-80E6-9C37DD911BB8}
		{CA677D35-8743-441C-BDCB-3850B6BC122B} = {ABAA54D6-FF6B-4A13-B319-575C4B68FB64}
		{F46D39C2-7582-4047-8AC0-A2680DD84BD9} = {ABAA54D6-FF6B-4A13-B319-575C4B68FB64}
		{E1DB1E5F-D776-4F3C-9D38-F6528962F2D2} = {5BB8198E-ED27-4F4F-87B6-D8867785A93D}
		{51059439-7A8C-466D-B8C1-435A929325CD} = {E8ECA567-E29A-41B4-B07C-892557B6948D}
		{19648ECB-F168-4CB1-A087-E3D8859EAC75} = {5BB8198E-ED27-4F4F-87B6-D8867785A93D}
		{5BB8198E-ED27-4F4F-87B6-D8867785A93D} = {06B7F1AF-EEF2-4B54-8694-7C2139481C86}
		{ABAA54D6-FF6B-4A13-B319-575C4B68FB64} = {6D0CA4CB-2948-4EC5-A209-82DCE7923337}
		{E8ECA567-E29A-41B4-B07C-892557B6948D} = {C1D1A5A0-D8A8-41B5-80E6-9C37DD911BB8}
	EndGlobalSection
EndGlobal
